# Generated by pub
# See https://dart.dev/tools/pub/glossary#lockfile
packages:
  _flutterfire_internals:
    dependency: transitive
    description:
      name: _flutterfire_internals
      sha256: "2f428053492f92303e42c9afa8e3a78ad1886760e7b594e2b5a6b6ee47376360"
      url: "https://pub.dev"
    source: hosted
    version: "1.0.2"
  any_link_preview:
    dependency: "direct main"
    description:
      name: any_link_preview
      sha256: "362f681d0e54fcf3212741f68230eab499bd0cfc4531b9f450561f6ced9be52e"
      url: "https://pub.dev"
    source: hosted
    version: "2.0.9"
  async:
    dependency: "direct main"
    description:
      name: async
      sha256: bfe67ef28df125b7dddcea62755991f807aa39a2492a23e1550161692950bbe0
      url: "https://pub.dev"
    source: hosted
    version: "2.10.0"
  badges:
    dependency: "direct main"
    description:
      name: badges
      sha256: "727580d938b7a1ff47ea42df730d581415606b4224cfa708671c10287f8d3fe6"
      url: "https://pub.dev"
    source: hosted
    version: "2.0.3"
  boolean_selector:
    dependency: transitive
    description:
      name: boolean_selector
      sha256: "6cfb5af12253eaf2b368f07bacc5a80d1301a071c73360d746b7f2e32d762c66"
      url: "https://pub.dev"
    source: hosted
    version: "2.1.1"
  bs_flutter_card:
    dependency: "direct main"
    description:
      name: bs_flutter_card
      sha256: "498b6b9ca081df54ee772ae2c727eed5410159bd0a9d4d2cb07ed2ee9d3d5ad6"
      url: "https://pub.dev"
    source: hosted
    version: "1.0.0"
  bs_flutter_utils:
    dependency: transitive
    description:
      name: bs_flutter_utils
      sha256: "4d405d1a2ac8287dacb51b464ca2496a785334c75a49263e914038d600ed25ff"
      url: "https://pub.dev"
    source: hosted
    version: "1.0.2"
  buttons_tabbar:
    dependency: "direct main"
    description:
      name: buttons_tabbar
      sha256: d8a53cd3be0ce5b662d01378b1cd842eb44ee68da5abeeff3c081ee3bf614160
      url: "https://pub.dev"
    source: hosted
    version: "1.3.6"
  carousel_slider:
    dependency: "direct main"
    description:
      name: carousel_slider
      sha256: "869a3f4f2ad0e8d029d9cefd20d2cafd0a50847b74e7aab3a8eec662b0c7d2ee"
      url: "https://pub.dev"
    source: hosted
    version: "4.1.1"
  characters:
    dependency: transitive
    description:
      name: characters
      sha256: e6a326c8af69605aec75ed6c187d06b349707a27fbff8222ca9cc2cff167975c
      url: "https://pub.dev"
    source: hosted
    version: "1.2.1"
  clip_shadow:
    dependency: "direct main"
    description:
      name: clip_shadow
      sha256: "66ff7c13cae58e7714c493408311a7da472c7065e6c97797c1637e024498fa0f"
      url: "https://pub.dev"
    source: hosted
    version: "0.2.1"
  clock:
    dependency: transitive
    description:
      name: clock
      sha256: cb6d7f03e1de671e34607e909a7213e31d7752be4fb66a86d29fe1eb14bfb5cf
      url: "https://pub.dev"
    source: hosted
    version: "1.1.1"
  cloud_firestore_platform_interface:
    dependency: transitive
    description:
      name: cloud_firestore_platform_interface
      sha256: d023142c18c28b2610c23c196e829c96976569cc2aa2f8e45328ae8a64c428d1
      url: "https://pub.dev"
    source: hosted
    version: "5.7.7"
  cloud_firestore_web:
    dependency: transitive
    description:
      name: cloud_firestore_web
      sha256: "3d7d4fa8c1dc5a1f7cb33985ae0ab9924d33d76d4959fe26aed84b7d282887e3"
      url: "https://pub.dev"
    source: hosted
    version: "2.8.10"
  collection:
    dependency: transitive
    description:
      name: collection
      sha256: cfc915e6923fe5ce6e153b0723c753045de46de1b4d63771530504004a45fae0
      url: "https://pub.dev"
    source: hosted
    version: "1.17.0"
  csslib:
    dependency: transitive
    description:
      name: csslib
      sha256: b36c7f7e24c0bdf1bf9a3da461c837d1de64b9f8beb190c9011d8c72a3dfd745
      url: "https://pub.dev"
    source: hosted
    version: "0.17.2"
  cupertino_icons:
    dependency: "direct main"
    description:
      name: cupertino_icons
      sha256: e35129dc44c9118cee2a5603506d823bab99c68393879edb440e0090d07586be
      url: "https://pub.dev"
    source: hosted
    version: "1.0.5"
  dio:
    dependency: "direct main"
    description:
      name: dio
      sha256: "7d328c4d898a61efc3cd93655a0955858e29a0aa647f0f9e02d59b3bb275e2e8"
      url: "https://pub.dev"
    source: hosted
    version: "4.0.6"
  external_app_launcher:
    dependency: "direct main"
    description:
      name: external_app_launcher
      sha256: "22ba76250c6159955144f1150da159ead76b34ff841ae149c148c186e39fb58a"
      url: "https://pub.dev"
    source: hosted
    version: "2.0.2"
  fake_async:
    dependency: transitive
    description:
      name: fake_async
      sha256: "511392330127add0b769b75a987850d136345d9227c6b94c96a04cf4a391bf78"
      url: "https://pub.dev"
    source: hosted
    version: "1.3.1"
  ffi:
    dependency: transitive
    description:
      name: ffi
      sha256: a38574032c5f1dd06c4aee541789906c12ccaab8ba01446e800d9c5b79c4a978
      url: "https://pub.dev"
    source: hosted
    version: "2.0.1"
  file:
    dependency: transitive
    description:
      name: file
      sha256: "1b92bec4fc2a72f59a8e15af5f52cd441e4a7860b49499d69dfa817af20e925d"
      url: "https://pub.dev"
    source: hosted
    version: "6.1.4"
  firebase_core:
    dependency: transitive
    description:
      name: firebase_core
      sha256: "4f1d7c13a909e82ff026679c9b8493cdeb35a9c76bc46c42bf9e2240c9e57e80"
      url: "https://pub.dev"
    source: hosted
    version: "1.24.0"
  firebase_core_platform_interface:
    dependency: "direct main"
    description:
      name: firebase_core_platform_interface
      sha256: b51257a8b4388565cd66062d727d3e60067b5f5cc3390eb0ecd20b8f97741bdb
      url: "https://pub.dev"
    source: hosted
    version: "4.5.1"
  firebase_core_web:
    dependency: transitive
    description:
      name: firebase_core_web
      sha256: "839f1b48032a61962792cea1225fae030d4f27163867f181d6d2072dd40acbee"
      url: "https://pub.dev"
    source: hosted
    version: "1.7.3"
  firebase_in_app_messaging:
    dependency: "direct main"
    description:
      name: firebase_in_app_messaging
      sha256: "696d09046d582b64e76d41453aad30381f707adf8b6186214193c733bc210aee"
      url: "https://pub.dev"
    source: hosted
    version: "0.6.0+27"
  firebase_in_app_messaging_platform_interface:
    dependency: transitive
    description:
      name: firebase_in_app_messaging_platform_interface
      sha256: addb136be9f0a8cf7ef9ab5342b3458944ccd6dfb34c2e8513f1ff67e59ab5e7
      url: "https://pub.dev"
    source: hosted
    version: "0.2.1+19"
  firebase_messaging:
    dependency: "direct main"
    description:
      name: firebase_messaging
      sha256: "3a2e5c067a52868afbcefcdffa06ef2aa84a6e7bf5c8bc5eeed9d8dd0c7671bc"
      url: "https://pub.dev"
    source: hosted
    version: "12.0.3"
  firebase_messaging_platform_interface:
    dependency: transitive
    description:
      name: firebase_messaging_platform_interface
      sha256: "71f120e8b405a172cb0088a2cd62fd8b77be0f0c942a5bda411b80268c1702f8"
      url: "https://pub.dev"
    source: hosted
    version: "4.2.0"
  firebase_messaging_web:
    dependency: transitive
    description:
      name: firebase_messaging_web
      sha256: b7c5e019c4ecf3a512c4a0f00a4a9c1f260eb11872380a91f35983387488ce94
      url: "https://pub.dev"
    source: hosted
    version: "3.2.0"
  flutter:
    dependency: "direct main"
    description: flutter
    source: sdk
    version: "0.0.0"
  flutter_lints:
    dependency: "direct dev"
    description:
      name: flutter_lints
      sha256: aeb0b80a8b3709709c9cc496cdc027c5b3216796bc0af0ce1007eaf24464fd4c
      url: "https://pub.dev"
    source: hosted
    version: "2.0.1"
  flutter_localizations:
    dependency: "direct main"
    description: flutter
    source: sdk
    version: "0.0.0"
  flutter_page_indicator:
    dependency: transitive
    description:
      name: flutter_page_indicator
      sha256: a5b2992228c2827b69faed3977681a3f5c313c7f13d72272decbb2923d1d7176
      url: "https://pub.dev"
    source: hosted
    version: "0.0.3"
  flutter_rating_bar:
    dependency: "direct main"
    description:
      name: flutter_rating_bar
      sha256: d2af03469eac832c591a1eba47c91ecc871fe5708e69967073c043b2d775ed93
      url: "https://pub.dev"
    source: hosted
    version: "4.0.1"
  flutter_swiper:
    dependency: "direct main"
    description:
      name: flutter_swiper
      sha256: e52a0e894abfa4099a5d4e5098a00597f3b55e25617cdd19e6fe6be5d24858c7
      url: "https://pub.dev"
    source: hosted
    version: "1.1.6"
  flutter_test:
    dependency: "direct dev"
    description: flutter
    source: sdk
    version: "0.0.0"
  flutter_web_plugins:
    dependency: transitive
    description: flutter
    source: sdk
    version: "0.0.0"
  group_button:
    dependency: "direct main"
    description:
      name: group_button
      sha256: "5a9b325b5094931636a2223c8a7f06c8697a67c89e7b79741655a0cb36cf4f55"
      url: "https://pub.dev"
    source: hosted
    version: "5.2.2"
  html:
    dependency: transitive
    description:
      name: html
      sha256: d9793e10dbe0e6c364f4c59bf3e01fb33a9b2a674bc7a1081693dba0614b6269
      url: "https://pub.dev"
    source: hosted
    version: "0.15.1"
  http:
    dependency: "direct main"
    description:
      name: http
      sha256: "6aa2946395183537c8b880962d935877325d6a09a2867c3970c05c0fed6ac482"
      url: "https://pub.dev"
    source: hosted
    version: "0.13.5"
  http_parser:
    dependency: transitive
    description:
      name: http_parser
      sha256: "2aa08ce0341cc9b354a498388e30986515406668dbcc4f7c950c3e715496693b"
      url: "https://pub.dev"
    source: hosted
    version: "4.0.2"
  intl:
    dependency: "direct main"
    description:
      name: intl
      sha256: "910f85bce16fb5c6f614e117efa303e85a1731bb0081edf3604a2ae6e9a3cc91"
      url: "https://pub.dev"
    source: hosted
    version: "0.17.0"
  js:
    dependency: transitive
    description:
      name: js
      sha256: "5528c2f391ededb7775ec1daa69e65a2d61276f7552de2b5f7b8d34ee9fd4ab7"
      url: "https://pub.dev"
    source: hosted
    version: "0.6.5"
  lints:
    dependency: transitive
    description:
      name: lints
      sha256: "5e4a9cd06d447758280a8ac2405101e0e2094d2a1dbdd3756aec3fe7775ba593"
      url: "https://pub.dev"
    source: hosted
    version: "2.0.1"
  matcher:
    dependency: transitive
    description:
      name: matcher
      sha256: "16db949ceee371e9b99d22f88fa3a73c4e59fd0afed0bd25fc336eb76c198b72"
      url: "https://pub.dev"
    source: hosted
    version: "0.12.13"
  material_color_utilities:
    dependency: transitive
    description:
      name: material_color_utilities
      sha256: d92141dc6fe1dad30722f9aa826c7fbc896d021d792f80678280601aff8cf724
      url: "https://pub.dev"
    source: hosted
    version: "0.2.0"
  meta:
    dependency: transitive
    description:
      name: meta
      sha256: "6c268b42ed578a53088d834796959e4a1814b5e9e164f147f580a386e5decf42"
      url: "https://pub.dev"
    source: hosted
    version: "1.8.0"
  mobile_scanner:
    dependency: "direct main"
    description:
      name: mobile_scanner
      sha256: "8c88f807686ed0d3a2a8286d1d5916966d24073daeea08b8ff2398c907f77363"
      url: "https://pub.dev"
    source: hosted
    version: "1.1.2"
  path:
    dependency: transitive
    description:
      name: path
      sha256: db9d4f58c908a4ba5953fcee2ae317c94889433e5024c27ce74a37f94267945b
      url: "https://pub.dev"
    source: hosted
    version: "1.8.2"
  path_provider_linux:
    dependency: transitive
    description:
      name: path_provider_linux
      sha256: ab0987bf95bc591da42dffb38c77398fc43309f0b9b894dcc5d6f40c4b26c379
      url: "https://pub.dev"
    source: hosted
    version: "2.1.7"
  path_provider_platform_interface:
    dependency: transitive
    description:
      name: path_provider_platform_interface
      sha256: f0abc8ebd7253741f05488b4813d936b4d07c6bae3e86148a09e342ee4b08e76
      url: "https://pub.dev"
    source: hosted
    version: "2.0.5"
  path_provider_windows:
    dependency: transitive
    description:
      name: path_provider_windows
      sha256: bcabbe399d4042b8ee687e17548d5d3f527255253b4a639f5f8d2094a9c2b45c
      url: "https://pub.dev"
    source: hosted
    version: "2.1.3"
  platform:
    dependency: transitive
    description:
      name: platform
      sha256: "4a451831508d7d6ca779f7ac6e212b4023dd5a7d08a27a63da33756410e32b76"
      url: "https://pub.dev"
    source: hosted
    version: "3.1.0"
  plugin_platform_interface:
    dependency: transitive
    description:
      name: plugin_platform_interface
      sha256: dbf0f707c78beedc9200146ad3cb0ab4d5da13c246336987be6940f026500d3a
      url: "https://pub.dev"
    source: hosted
    version: "2.1.3"
  process:
    dependency: transitive
    description:
      name: process
      sha256: "53fd8db9cec1d37b0574e12f07520d582019cb6c44abf5479a01505099a34a09"
      url: "https://pub.dev"
    source: hosted
    version: "4.2.4"
  qr:
    dependency: transitive
    description:
      name: qr
      sha256: "5c4208b4dc0d55c3184d10d83ee0ded6212dc2b5e2ba17c5a0c0aab279128d21"
      url: "https://pub.dev"
    source: hosted
    version: "2.1.0"
  qr_flutter:
    dependency: "direct main"
    description:
      name: qr_flutter
      sha256: c5c121c54cb6dd837b9b9d57eb7bc7ec6df4aee741032060c8833a678c80b87e
      url: "https://pub.dev"
    source: hosted
    version: "4.0.0"
  readmore:
    dependency: "direct main"
    description:
      name: readmore
      sha256: "99c2483202f7c7e98c50834d72be2b119aefecf4497ca1960ae9d5f418eb1481"
      url: "https://pub.dev"
    source: hosted
    version: "2.2.0"
  rflutter_alert:
    dependency: "direct main"
    description:
      name: rflutter_alert
      sha256: a77c8c937fad29e70565388c5934f678b92325047663367b985570ba101929fa
      url: "https://pub.dev"
    source: hosted
    version: "2.0.4"
  shared_preferences:
    dependency: transitive
    description:
      name: shared_preferences
      sha256: "76917b7d4b9526b2ba416808a7eb9fb2863c1a09cf63ec85f1453da240fa818a"
      url: "https://pub.dev"
    source: hosted
    version: "2.0.15"
  shared_preferences_android:
    dependency: transitive
    description:
      name: shared_preferences_android
      sha256: "8e251f3c986002b65fed6396bce81f379fb63c27317d49743cf289fd0fd1ab97"
      url: "https://pub.dev"
    source: hosted
    version: "2.0.14"
  shared_preferences_ios:
    dependency: transitive
    description:
      name: shared_preferences_ios
      sha256: "585a14cefec7da8c9c2fb8cd283a3bb726b4155c0952afe6a0caaa7b2272de34"
      url: "https://pub.dev"
    source: hosted
    version: "2.1.1"
  shared_preferences_linux:
    dependency: transitive
    description:
      name: shared_preferences_linux
      sha256: "28aefc1261746e7bad3d09799496054beb84e8c4ffcdfed7734e17b4ada459a5"
      url: "https://pub.dev"
    source: hosted
    version: "2.1.1"
  shared_preferences_macos:
    dependency: transitive
    description:
      name: shared_preferences_macos
      sha256: fbb94bf296576f49be37a1496d5951796211a8db0aa22cc0d68c46440dad808c
      url: "https://pub.dev"
    source: hosted
    version: "2.0.4"
  shared_preferences_platform_interface:
    dependency: transitive
    description:
      name: shared_preferences_platform_interface
      sha256: da9431745ede5ece47bc26d5d73a9d3c6936ef6945c101a5aca46f62e52c1cf3
      url: "https://pub.dev"
    source: hosted
    version: "2.1.0"
  shared_preferences_web:
    dependency: transitive
    description:
      name: shared_preferences_web
      sha256: a4b5bc37fe1b368bbc81f953197d55e12f49d0296e7e412dfe2d2d77d6929958
      url: "https://pub.dev"
    source: hosted
    version: "2.0.4"
  shared_preferences_windows:
    dependency: transitive
    description:
      name: shared_preferences_windows
      sha256: "97f7ab9a7da96d9cf19581f5de520ceb529548498bd6b5e0ccd02d68a0d15eba"
      url: "https://pub.dev"
    source: hosted
    version: "2.1.1"
  sky_engine:
    dependency: transitive
    description: flutter
    source: sdk
    version: "0.0.99"
  sliverbar_with_card:
    dependency: "direct main"
    description:
      name: sliverbar_with_card
      sha256: "70eea479481d2c7cc0bc20d8d0b30b6cf9726565f1599b2b48a07f24765779a8"
      url: "https://pub.dev"
    source: hosted
    version: "0.1.5"
  source_span:
    dependency: transitive
    description:
      name: source_span
      sha256: dd904f795d4b4f3b870833847c461801f6750a9fa8e61ea5ac53f9422b31f250
      url: "https://pub.dev"
    source: hosted
    version: "1.9.1"
  spinner_input:
    dependency: "direct main"
    description:
      name: spinner_input
      sha256: fee670215885054f091e8abf86ff42f271852ea93a8b94f4c9066b713b3a3323
      url: "https://pub.dev"
    source: hosted
    version: "0.1.2"
  stack_trace:
    dependency: transitive
    description:
      name: stack_trace
      sha256: c3c7d8edb15bee7f0f74debd4b9c5f3c2ea86766fe4178eb2a18eb30a0bdaed5
      url: "https://pub.dev"
    source: hosted
    version: "1.11.0"
  stepo:
    dependency: "direct main"
    description:
      name: stepo
      sha256: e0d38215e2040e5a7511ef843be3a505f0398927c12b8a8f67f00420bb7219bf
      url: "https://pub.dev"
    source: hosted
    version: "1.0.0"
  stream_channel:
    dependency: transitive
    description:
      name: stream_channel
      sha256: "83615bee9045c1d322bbbd1ba209b7a749c2cbcdcb3fdd1df8eb488b3279c1c8"
      url: "https://pub.dev"
    source: hosted
    version: "2.1.1"
  string_scanner:
    dependency: transitive
    description:
      name: string_scanner
      sha256: "862015c5db1f3f3c4ea3b94dc2490363a84262994b88902315ed74be1155612f"
      url: "https://pub.dev"
    source: hosted
    version: "1.1.1"
  string_validator:
    dependency: transitive
    description:
      name: string_validator
      sha256: "50dd8ecf91db6a732f4a851eeae81ee12406eedc62d0da72f2d91a04a2d10dd8"
      url: "https://pub.dev"
    source: hosted
    version: "0.3.0"
  syncfusion_flutter_core:
    dependency: transitive
    description:
      name: syncfusion_flutter_core
      sha256: "9be1bb9bbdb42823439a18da71484f1964c14dbe1c255ab1b931932b12fa96e8"
      url: "https://pub.dev"
    source: hosted
    version: "19.4.56"
  syncfusion_flutter_datepicker:
    dependency: "direct main"
    description:
      name: syncfusion_flutter_datepicker
      sha256: ff428c4e2ebd753c2f8f3b2aa60e96e014c9ca2653ce7007c7a603e560973f34
      url: "https://pub.dev"
    source: hosted
    version: "19.4.56"
  term_glyph:
    dependency: transitive
    description:
      name: term_glyph
      sha256: a29248a84fbb7c79282b40b8c72a1209db169a2e0542bce341da992fe1bc7e84
      url: "https://pub.dev"
    source: hosted
    version: "1.2.1"
  test_api:
    dependency: transitive
    description:
      name: test_api
      sha256: c9aba3b3dbfe8878845dfab5fa096eb8de7b62231baeeb1cea8e3ee81ca8c6d8
      url: "https://pub.dev"
    source: hosted
    version: "0.4.15"
  timeline_tile:
    dependency: "direct main"
    description:
      name: timeline_tile
      sha256: "85ec2023c67137397c2812e3e848b2fb20b410b67cd9aff304bb5480c376fc0c"
      url: "https://pub.dev"
    source: hosted
    version: "2.0.0"
  transformer_page_view:
    dependency: transitive
    description:
      name: transformer_page_view
      sha256: "2210531bc4148831061c575070173f32693415be8bbbf5bd2159a38f2adff61c"
      url: "https://pub.dev"
    source: hosted
    version: "0.1.6"
  typed_data:
    dependency: transitive
    description:
      name: typed_data
      sha256: "26f87ade979c47a150c9eaab93ccd2bebe70a27dc0b4b29517f2904f04eb11a5"
      url: "https://pub.dev"
    source: hosted
    version: "1.3.1"
  url_launcher:
    dependency: "direct main"
    description:
      name: url_launcher
      sha256: "568176fc8ab5ac1d88ff0db8ff28659d103851670dda55e83b485664c2309299"
      url: "https://pub.dev"
    source: hosted
    version: "6.1.6"
  url_launcher_android:
    dependency: transitive
    description:
      name: url_launcher_android
      sha256: "2514dc16ac169adf55159268d7bf70317d9f2fc9ef5bb02020bb7ad710c0aeb4"
      url: "https://pub.dev"
    source: hosted
    version: "6.0.21"
  url_launcher_ios:
    dependency: transitive
    description:
      name: url_launcher_ios
      sha256: "6ba7dddee26c9fae27c9203c424631109d73c8fa26cfa7bc3e35e751cb87f62e"
      url: "https://pub.dev"
    source: hosted
    version: "6.0.17"
  url_launcher_linux:
    dependency: transitive
    description:
      name: url_launcher_linux
      sha256: "360fa359ab06bcb4f7c5cd3123a2a9a4d3364d4575d27c4b33468bd4497dd094"
      url: "https://pub.dev"
    source: hosted
    version: "3.0.1"
  url_launcher_macos:
    dependency: transitive
    description:
      name: url_launcher_macos
      sha256: a9b3ea9043eabfaadfa3fb89de67a11210d85569086d22b3854484beab8b3978
      url: "https://pub.dev"
    source: hosted
    version: "3.0.1"
  url_launcher_platform_interface:
    dependency: transitive
    description:
      name: url_launcher_platform_interface
      sha256: "4eae912628763eb48fc214522e58e942fd16ce195407dbf45638239523c759a6"
      url: "https://pub.dev"
    source: hosted
    version: "2.1.1"
  url_launcher_web:
    dependency: transitive
    description:
      name: url_launcher_web
      sha256: "5669882643b96bb6d5786637cac727c6e918a790053b09245fd4513b8a07df2a"
      url: "https://pub.dev"
    source: hosted
    version: "2.0.13"
  url_launcher_windows:
    dependency: transitive
    description:
      name: url_launcher_windows
      sha256: e3c3b16d3104260c10eea3b0e34272aaa57921f83148b0619f74c2eced9b7ef1
      url: "https://pub.dev"
    source: hosted
    version: "3.0.1"
  vector_math:
    dependency: transitive
    description:
      name: vector_math
      sha256: "80b3257d1492ce4d091729e3a67a60407d227c27241d6927be0130c98e741803"
      url: "https://pub.dev"
    source: hosted
    version: "2.1.4"
  win32:
    dependency: transitive
    description:
      name: win32
      sha256: "8c9f247c668da68597c44a04b60b5fa79f70f3f6a5b6ef28f5a4726f1febef78"
      url: "https://pub.dev"
    source: hosted
    version: "3.1.0"
  word_break_text:
    dependency: "direct main"
    description:
      name: word_break_text
      sha256: "232b5d949f8c9279b8addc1478f04b1de1867eb53ab2925caa70f5cf03a97d5a"
      url: "https://pub.dev"
    source: hosted
    version: "0.1.0"
  xdg_directories:
    dependency: transitive
    description:
      name: xdg_directories
      sha256: "11541eedefbcaec9de35aa82650b695297ce668662bbd6e3911a7fabdbde589f"
      url: "https://pub.dev"
    source: hosted
    version: "0.2.0+2"
sdks:
  dart: ">=2.18.0 <3.0.0"
  flutter: ">=3.0.0"
